{
  "name": "web-ksi",
  "version": "1.0.0",
  "description": "",
  "main": "api/server.js",
  "scripts": {
    "start": "node api/server.js",
    "test": "echo \"Error: no test specified\" && exit 1"
  },
  "engines": {
    "node": ">=18.0.0"
  },
  "repository": {
    "type": "git",
    "url": "git+https://github.com/mrwdsyhp/web-ksimist.git"
  },
  "keywords": [],
  "author": "",
  "license": "ISC",
  "type": "commonjs",
  "bugs": {
    "url": "https://github.com/mrwdsyhp/web-ksimist/issues"
  },
  "homepage": "https://github.com/mrwdsyhp/web-ksimist#readme",
  "dependencies": {
    "cors": "^2.8.6",
    "dotenv": "^17.3.1",
    "express": "^5.2.1",
    "multer": "^2.1.1",
    "mysql2": "^3.20.0"
  }
}